{
  "version": 4,
  "terraform_version": "1.16.2",
  "serial": 1,
  "lineage": "b1826503-40a1-0d72-24f2-4e765da83221",
  "outputs": {},
  "resources": [
    {
      "mode": "managed",
      "type": "aws_vpc",
      "name": "vpc_aula",
      "provider": "provider[\"registry.terraform.io/hashicorp/aws\"]",
      "instances": [
        {
          "schema_version": 1,
          "attributes": {
            "arn": "arn:aws:ec2:us-east-1:272735539735:vpc/vpc-05c8ee29fa6b16f21",
            "assign_generated_ipv6_cidr_block": false,
            "cidr_block": "10.10.0.0/16",
            "default_network_acl_id": "acl-00fc9b90258fb661a",
            "default_route_table_id": "rtb-08fdf6fee25ac2a9a",
            "default_security_group_id": "sg-05826eb7b2b1654c0",
            "dhcp_options_id": "dopt-067cbe11e78c852b6",
            "enable_dns_hostnames": false,
            "enable_dns_support": true,
            "enable_network_address_usage_metrics": false,
            "id": "vpc-05c8ee29fa6b16f21",
            "instance_tenancy": "default",
            "ipv4_ipam_pool_id": null,
            "ipv4_netmask_length": null,
            "ipv6_association_id": "",
            "ipv6_cidr_block": "",
            "ipv6_cidr_block_network_border_group": "",
            "ipv6_ipam_pool_id": "",
            "ipv6_netmask_length": 0,
            "main_route_table_id": "rtb-08fdf6fee25ac2a9a",
            "owner_id": "272735539735",
            "region": "us-east-1",
            "tags": {
              "Name": "terraform-vpc-aula"
            },
            "tags_all": {
              "Name": "terraform-vpc-aula"
            }
          },
          "sensitive_attributes": [],
          "identity_schema_version": 0,
          "identity": {
            "account_id": "272735539735",
            "id": "vpc-05c8ee29fa6b16f21",
            "region": "us-east-1"
          },
          "private": "eyJzY2hlbWFfdmVyc2lvbiI6IjEifQ=="
        }
      ]
    }
  ],
  "check_results": null
}
